// !$*UTF8*$!
{
	archiveVersion = 1;
	classes = {
	};
	objectVersion = 56;
	objects = {

/* Begin PBXBuildFile section */
		EC12744A2B4E8EC90089460F /* main.swift in Sources */ = {isa = PBXBuildFile; fileRef = EC1274492B4E8EC90089460F /* main.swift */; };
		EC20A87C2B5060F4008F2A0B /* CommandLineExt in Frameworks */ = {isa = PBXBuildFile; productRef = EC20A87B2B5060F4008F2A0B /* CommandLineExt */; };
		EC311BA82B52C2DF0069CFD4 /* Model in Frameworks */ = {isa = PBXBuildFile; productRef = EC311BA72B52C2DF0069CFD4 /* Model */; };
		EC6887AA2B6BAD8900855DAF /* debugTp1.swift in Sources */ = {isa = PBXBuildFile; fileRef = EC6887A92B6BAD8900855DAF /* debugTp1.swift */; };
		EC6887AC2B6BADCF00855DAF /* debugTp2.swift in Sources */ = {isa = PBXBuildFile; fileRef = EC6887AB2B6BADCF00855DAF /* debugTp2.swift */; };
		EC6887AE2B6BADFE00855DAF /* debugTp3.swift in Sources */ = {isa = PBXBuildFile; fileRef = EC6887AD2B6BADFE00855DAF /* debugTp3.swift */; };
		EC6887B02B6BAE2100855DAF /* debugTp4.swift in Sources */ = {isa = PBXBuildFile; fileRef = EC6887AF2B6BAE2100855DAF /* debugTp4.swift */; };
/* End PBXBuildFile section */

/* Begin PBXCopyFilesBuildPhase section */
		EC1274442B4E8EC90089460F /* CopyFiles */ = {
			isa = PBXCopyFilesBuildPhase;
			buildActionMask = 2147483647;
			dstPath = /usr/share/man/man1/;
			dstSubfolderSpec = 0;
			files = (
			);
			runOnlyForDeploymentPostprocessing = 1;
		};
/* End PBXCopyFilesBuildPhase section */

/* Begin PBXFileReference section */
		EC1274462B4E8EC90089460F /* CommandLineTest */ = {isa = PBXFileReference; explicitFileType = "compiled.mach-o.executable"; includeInIndex = 0; path = CommandLineTest; sourceTree = BUILT_PRODUCTS_DIR; };
		EC1274492B4E8EC90089460F /* main.swift */ = {isa = PBXFileReference; lastKnownFileType = sourcecode.swift; path = main.swift; sourceTree = "<group>"; };
		EC6887A92B6BAD8900855DAF /* debugTp1.swift */ = {isa = PBXFileReference; lastKnownFileType = sourcecode.swift; path = debugTp1.swift; sourceTree = "<group>"; };
		EC6887AB2B6BADCF00855DAF /* debugTp2.swift */ = {isa = PBXFileReference; lastKnownFileType = sourcecode.swift; path = debugTp2.swift; sourceTree = "<group>"; };
		EC6887AD2B6BADFE00855DAF /* debugTp3.swift */ = {isa = PBXFileReference; lastKnownFileType = sourcecode.swift; path = debugTp3.swift; sourceTree = "<group>"; };
		EC6887AF2B6BAE2100855DAF /* debugTp4.swift */ = {isa = PBXFileReference; lastKnownFileType = sourcecode.swift; path = debugTp4.swift; sourceTree = "<group>"; };
/* End PBXFileReference section */

/* Begin PBXFrameworksBuildPhase section */
		EC1274432B4E8EC90089460F /* Frameworks */ = {
			isa = PBXFrameworksBuildPhase;
			buildActionMask = 2147483647;
			files = (
				EC311BA82B52C2DF0069CFD4 /* Model in Frameworks */,
				EC20A87C2B5060F4008F2A0B /* CommandLineExt in Frameworks */,
			);
			runOnlyForDeploymentPostprocessing = 0;
		};
/* End PBXFrameworksBuildPhase section */

/* Begin PBXGroup section */
		EC12743D2B4E8EC90089460F = {
			isa = PBXGroup;
			children = (
				EC1274482B4E8EC90089460F /* CommandLineTest */,
				EC1274472B4E8EC90089460F /* Products */,
				EC1274502B4E8EF60089460F /* Frameworks */,
			);
			sourceTree = "<group>";
		};
		EC1274472B4E8EC90089460F /* Products */ = {
			isa = PBXGroup;
			children = (
				EC1274462B4E8EC90089460F /* CommandLineTest */,
			);
			name = Products;
			sourceTree = "<group>";
		};
		EC1274482B4E8EC90089460F /* CommandLineTest */ = {
			isa = PBXGroup;
			children = (
				EC1274492B4E8EC90089460F /* main.swift */,
				EC6887A92B6BAD8900855DAF /* debugTp1.swift */,
				EC6887AB2B6BADCF00855DAF /* debugTp2.swift */,
				EC6887AD2B6BADFE00855DAF /* debugTp3.swift */,
				EC6887AF2B6BAE2100855DAF /* debugTp4.swift */,
			);
			path = CommandLineTest;
			sourceTree = "<group>";
		};
		EC1274502B4E8EF60089460F /* Frameworks */ = {
			isa = PBXGroup;
			children = (
			);
			name = Frameworks;
			sourceTree = "<group>";
		};
/* End PBXGroup section */

/* Begin PBXNativeTarget section */
		EC1274452B4E8EC90089460F /* CommandLineTest */ = {
			isa = PBXNativeTarget;
			buildConfigurationList = EC12744D2B4E8EC90089460F /* Build configuration list for PBXNativeTarget "CommandLineTest" */;
			buildPhases = (
				EC1274422B4E8EC90089460F /* Sources */,
				EC1274432B4E8EC90089460F /* Frameworks */,
				EC1274442B4E8EC90089460F /* CopyFiles */,
			);
			buildRules = (
			);
			dependencies = (
			);
			name = CommandLineTest;
			packageProductDependencies = (
				EC20A87B2B5060F4008F2A0B /* CommandLineExt */,
				EC311BA72B52C2DF0069CFD4 /* Model */,
			);
			productName = CommandLineTest;
			productReference = EC1274462B4E8EC90089460F /* CommandLineTest */;
			productType = "com.apple.product-type.tool";
		};
/* End PBXNativeTarget section */

/* Begin PBXProject section */
		EC12743E2B4E8EC90089460F /* Project object */ = {
			isa = PBXProject;
			attributes = {
				BuildIndependentTargetsInParallel = 1;
				LastSwiftUpdateCheck = 1510;
				LastUpgradeCheck = 1510;
				TargetAttributes = {
					EC1274452B4E8EC90089460F = {
						CreatedOnToolsVersion = 15.1;
					};
				};
			};
			buildConfigurationList = EC1274412B4E8EC90089460F /* Build configuration list for PBXProject "CommandLineTest" */;
			compatibilityVersion = "Xcode 14.0";
			developmentRegion = en;
			hasScannedForEncodings = 0;
			knownRegions = (
				en,
				Base,
			);
			mainGroup = EC12743D2B4E8EC90089460F;
			productRefGroup = EC1274472B4E8EC90089460F /* Products */;
			projectDirPath = "";
			projectRoot = "";
			targets = (
				EC1274452B4E8EC90089460F /* CommandLineTest */,
			);
		};
/* End PBXProject section */

/* Begin PBXSourcesBuildPhase section */
		EC1274422B4E8EC90089460F /* Sources */ = {
			isa = PBXSourcesBuildPhase;
			buildActionMask = 2147483647;
			files = (
				EC12744A2B4E8EC90089460F /* main.swift in Sources */,
				EC6887B02B6BAE2100855DAF /* debugTp4.swift in Sources */,
				EC6887AC2B6BADCF00855DAF /* debugTp2.swift in Sources */,
				EC6887AA2B6BAD8900855DAF /* debugTp1.swift in Sources */,
				EC6887AE2B6BADFE00855DAF /* debugTp3.swift in Sources */,
			);
			runOnlyForDeploymentPostprocessing = 0;
		};
/* End PBXSourcesBuildPhase section */

/* Begin XCBuildConfiguration section */
		EC12744B2B4E8EC90089460F /* Debug */ = {
			isa = XCBuildConfiguration;
			buildSettings = {
				ALWAYS_SEARCH_USER_PATHS = NO;
				ASSETCATALOG_COMPILER_GENERATE_SWIFT_ASSET_SYMBOL_EXTENSIONS = YES;
				CLANG_ANALYZER_NONNULL = YES;
				CLANG_ANALYZER_NUMBER_OBJECT_CONVERSION = YES_AGGRESSIVE;
				CLANG_CXX_LANGUAGE_STANDARD = "gnu++20";
				CLANG_ENABLE_MODULES = YES;
				CLANG_ENABLE_OBJC_ARC = YES;
				CLANG_ENABLE_OBJC_WEAK = YES;
				CLANG_WARN_BLOCK_CAPTURE_AUTORELEASING = YES;
				CLANG_WARN_BOOL_CONVERSION = YES;
				CLANG_WARN_COMMA = YES;
				CLANG_WARN_CONSTANT_CONVERSION = YES;
				CLANG_WARN_DEPRECATED_OBJC_IMPLEMENTATIONS = YES;
				CLANG_WARN_DIRECT_OBJC_ISA_USAGE = YES_ERROR;
				CLANG_WARN_DOCUMENTATION_COMMENTS = YES;
				CLANG_WARN_EMPTY_BODY = YES;
				CLANG_WARN_ENUM_CONVERSION = YES;
				CLANG_WARN_INFINITE_RECURSION = YES;
				CLANG_WARN_INT_CONVERSION = YES;
				CLANG_WARN_NON_LITERAL_NULL_CONVERSION = YES;
				CLANG_WARN_OBJC_IMPLICIT_RETAIN_SELF = YES;
				CLANG_WARN_OBJC_LITERAL_CONVERSION = YES;
				CLANG_WARN_OBJC_ROOT_CLASS = YES_ERROR;
				CLANG_WARN_QUOTED_INCLUDE_IN_FRAMEWORK_HEADER = YES;
				CLANG_WARN_RANGE_LOOP_ANALYSIS = YES;
				CLANG_WARN_STRICT_PROTOTYPES = YES;
				CLANG_WARN_SUSPICIOUS_MOVE = YES;
				CLANG_WARN_UNGUARDED_AVAILABILITY = YES_AGGRESSIVE;
				CLANG_WARN_UNREACHABLE_CODE = YES;
				CLANG_WARN__DUPLICATE_METHOD_MATCH = YES;
				COPY_PHASE_STRIP = NO;
				DEBUG_INFORMATION_FORMAT = dwarf;
				ENABLE_STRICT_OBJC_MSGSEND = YES;
				ENABLE_TESTABILITY = YES;
				ENABLE_USER_SCRIPT_SANDBOXING = YES;
				GCC_C_LANGUAGE_STANDARD = gnu17;
				GCC_DYNAMIC_NO_PIC = NO;
				GCC_NO_COMMON_BLOCKS = YES;
				GCC_OPTIMIZATION_LEVEL = 0;
				GCC_PREPROCESSOR_DEFINITIONS = (
					"DEBUG=1",
					"$(inherited)",
				);
				GCC_WARN_64_TO_32_BIT_CONVERSION = YES;
				GCC_WARN_ABOUT_RETURN_TYPE = YES_ERROR;
				GCC_WARN_UNDECLARED_SELECTOR = YES;
				GCC_WARN_UNINITIALIZED_AUTOS = YES_AGGRESSIVE;
				GCC_WARN_UNUSED_FUNCTION = YES;
				GCC_WARN_UNUSED_VARIABLE = YES;
				LOCALIZATION_PREFERS_STRING_CATALOGS = YES;
				MACOSX_DEPLOYMENT_TARGET = 14.2;
				MTL_ENABLE_DEBUG_INFO = INCLUDE_SOURCE;
				MTL_FAST_MATH = YES;
				ONLY_ACTIVE_ARCH = YES;
				SDKROOT = macosx;
				SWIFT_ACTIVE_COMPILATION_CONDITIONS = "DEBUG $(inherited)";
				SWIFT_OPTIMIZATION_LEVEL = "-Onone";
			};
			name = Debug;
		};
		EC12744C2B4E8EC90089460F /* Release */ = {
			isa = XCBuildConfiguration;
			buildSettings = {
				ALWAYS_SEARCH_USER_PATHS = NO;
				ASSETCATALOG_COMPILER_GENERATE_SWIFT_ASSET_SYMBOL_EXTENSIONS = YES;
				CLANG_ANALYZER_NONNULL = YES;
				CLANG_ANALYZER_NUMBER_OBJECT_CONVERSION = YES_AGGRESSIVE;
				CLANG_CXX_LANGUAGE_STANDARD = "gnu++20";
				CLANG_ENABLE_MODULES = YES;
				CLANG_ENABLE_OBJC_ARC = YES;
				CLANG_ENABLE_OBJC_WEAK = YES;
				CLANG_WARN_BLOCK_CAPTURE_AUTORELEASING = YES;
				CLANG_WARN_BOOL_CONVERSION = YES;
				CLANG_WARN_COMMA = YES;
				CLANG_WARN_CONSTANT_CONVERSION = YES;
				CLANG_WARN_DEPRECATED_OBJC_IMPLEMENTATIONS = YES;
				CLANG_WARN_DIRECT_OBJC_ISA_USAGE = YES_ERROR;
				CLANG_WARN_DOCUMENTATION_COMMENTS = YES;
				CLANG_WARN_EMPTY_BODY = YES;
				CLANG_WARN_ENUM_CONVERSION = YES;
				CLANG_WARN_INFINITE_RECURSION = YES;
				CLANG_WARN_INT_CONVERSION = YES;
				CLANG_WARN_NON_LITERAL_NULL_CONVERSION = YES;
				CLANG_WARN_OBJC_IMPLICIT_RETAIN_SELF = YES;
				CLANG_WARN_OBJC_LITERAL_CONVERSION = YES;
				CLANG_WARN_OBJC_ROOT_CLASS = YES_ERROR;
				CLANG_WARN_QUOTED_INCLUDE_IN_FRAMEWORK_HEADER = YES;
				CLANG_WARN_RANGE_LOOP_ANALYSIS = YES;
				CLANG_WARN_STRICT_PROTOTYPES = YES;
				CLANG_WARN_SUSPICIOUS_MOVE = YES;
				CLANG_WARN_UNGUARDED_AVAILABILITY = YES_AGGRESSIVE;
				CLANG_WARN_UNREACHABLE_CODE = YES;
				CLANG_WARN__DUPLICATE_METHOD_MATCH = YES;
				COPY_PHASE_STRIP = NO;
				DEBUG_INFORMATION_FORMAT = "dwarf-with-dsym";
				ENABLE_NS_ASSERTIONS = NO;
				ENABLE_STRICT_OBJC_MSGSEND = YES;
				ENABLE_USER_SCRIPT_SANDBOXING = YES;
				GCC_C_LANGUAGE_STANDARD = gnu17;
				GCC_NO_COMMON_BLOCKS = YES;
				GCC_WARN_64_TO_32_BIT_CONVERSION = YES;
				GCC_WARN_ABOUT_RETURN_TYPE = YES_ERROR;
				GCC_WARN_UNDECLARED_SELECTOR = YES;
				GCC_WARN_UNINITIALIZED_AUTOS = YES_AGGRESSIVE;
				GCC_WARN_UNUSED_FUNCTION = YES;
				GCC_WARN_UNUSED_VARIABLE = YES;
				LOCALIZATION_PREFERS_STRING_CATALOGS = YES;
				MACOSX_DEPLOYMENT_TARGET = 14.2;
				MTL_ENABLE_DEBUG_INFO = NO;
				MTL_FAST_MATH = YES;
				SDKROOT = macosx;
				SWIFT_COMPILATION_MODE = wholemodule;
			};
			name = Release;
		};
		EC12744E2B4E8EC90089460F /* Debug */ = {
			isa = XCBuildConfiguration;
			buildSettings = {
				CODE_SIGN_STYLE = Automatic;
				PRODUCT_NAME = "$(TARGET_NAME)";
				SWIFT_VERSION = 5.0;
			};
			name = Debug;
		};
		EC12744F2B4E8EC90089460F /* Release */ = {
			isa = XCBuildConfiguration;
			buildSettings = {
				CODE_SIGN_STYLE = Automatic;
				PRODUCT_NAME = "$(TARGET_NAME)";
				SWIFT_VERSION = 5.0;
			};
			name = Release;
		};
/* End XCBuildConfiguration section */

/* Begin XCConfigurationList section */
		EC1274412B4E8EC90089460F /* Build configuration list for PBXProject "CommandLineTest" */ = {
			isa = XCConfigurationList;
			buildConfigurations = (
				EC12744B2B4E8EC90089460F /* Debug */,
				EC12744C2B4E8EC90089460F /* Release */,
			);
			defaultConfigurationIsVisible = 0;
			defaultConfigurationName = Release;
		};
		EC12744D2B4E8EC90089460F /* Build configuration list for PBXNativeTarget "CommandLineTest" */ = {
			isa = XCConfigurationList;
			buildConfigurations = (
				EC12744E2B4E8EC90089460F /* Debug */,
				EC12744F2B4E8EC90089460F /* Release */,
			);
			defaultConfigurationIsVisible = 0;
			defaultConfigurationName = Release;
		};
/* End XCConfigurationList section */

/* Begin XCSwiftPackageProductDependency section */
		EC20A87B2B5060F4008F2A0B /* CommandLineExt */ = {
			isa = XCSwiftPackageProductDependency;
			productName = CommandLineExt;
		};
		EC311BA72B52C2DF0069CFD4 /* Model */ = {
			isa = XCSwiftPackageProductDependency;
			productName = Model;
		};
/* End XCSwiftPackageProductDependency section */
	};
	rootObject = EC12743E2B4E8EC90089460F /* Project object */;
}
